
Microsoft Visual Studio Solution File, Format Version 12.00
# Visual Studio 15
VisualStudioVersion = 15.0.27004.2005
MinimumVisualStudioVersion = 10.0.40219.1
Project("{FAE04EC0-301F-11D3-BF4B-00C04F79EFBC}") = "Analyzer1", "Analyzer1\Analyzer1\Analyzer1.csproj", "{9A2991A3-4F8A-4BCB-A6AE-6EF503ED9A10}"
EndProject
Project("{FAE04EC0-301F-11D3-BF4B-00C04F79EFBC}") = "Analyzer1.Test", "Analyzer1\Analyzer1.Test\Analyzer1.Test.csproj", "{7322FEE5-CF08-4386-9DDA-13FE5B324F87}"
EndProject
Project("{FAE04EC0-301F-11D3-BF4B-00C04F79EFBC}") = "Analyzer1.Vsix", "Analyzer1\Analyzer1.Vsix\Analyzer1.Vsix.csproj", "{4584BFEF-E673-4C29-99BD-7EDEAD6743D0}"
EndProject
Global
	GlobalSection(SolutionConfigurationPlatforms) = preSolution
		Debug|Any CPU = Debug|Any CPU
		Release|Any CPU = Release|Any CPU
	EndGlobalSection
	GlobalSection(ProjectConfigurationPlatforms) = postSolution
		{9A2991A3-4F8A-4BCB-A6AE-6EF503ED9A10}.Debug|Any CPU.ActiveCfg = Debug|Any CPU
		{9A2991A3-4F8A-4BCB-A6AE-6EF503ED9A10}.Debug|Any CPU.Build.0 = Debug|Any CPU
		{9A2991A3-4F8A-4BCB-A6AE-6EF503ED9A10}.Release|Any CPU.ActiveCfg = Release|Any CPU
		{9A2991A3-4F8A-4BCB-A6AE-6EF503ED9A10}.Release|Any CPU.Build.0 = Release|Any CPU
		{7322FEE5-CF08-4386-9DDA-13FE5B324F87}.Debug|Any CPU.ActiveCfg = Debug|Any CPU
		{7322FEE5-CF08-4386-9DDA-13FE5B324F87}.Debug|Any CPU.Build.0 = Debug|Any CPU
		{7322FEE5-CF08-4386-9DDA-13FE5B324F87}.Release|Any CPU.ActiveCfg = Release|Any CPU
		{7322FEE5-CF08-4386-9DDA-13FE5B324F87}.Release|Any CPU.Build.0 = Release|Any CPU
		{4584BFEF-E673-4C29-99BD-7EDEAD6743D0}.Debug|Any CPU.ActiveCfg = Debug|Any CPU
		{4584BFEF-E673-4C29-99BD-7EDEAD6743D0}.Debug|Any CPU.Build.0 = Debug|Any CPU
		{4584BFEF-E673-4C29-99BD-7EDEAD6743D0}.Release|Any CPU.ActiveCfg = Release|Any CPU
		{4584BFEF-E673-4C29-99BD-7EDEAD6743D0}.Release|Any CPU.Build.0 = Release|Any CPU
	EndGlobalSection
	GlobalSection(SolutionProperties) = preSolution
		HideSolutionNode = FALSE
	EndGlobalSection
	GlobalSection(ExtensibilityGlobals) = postSolution
		SolutionGuid = {5FDB0310-FCE7-4BB4-847A-BFE96964B02C}
	EndGlobalSection
EndGlobal
